// !$*UTF8*$!
{
	archiveVersion = 1;
	classes = {
	};
	objectVersion = 56;
	objects = {

/* Begin PBXBuildFile section */
		27C47CC829670C3F003B8D7D /* IntroTableView.swift in Sources */ = {isa = PBXBuildFile; fileRef = 27C47CC729670C3F003B8D7D /* IntroTableView.swift */; };
		27DDE6E8296617AF004B9737 /* AppDelegate.swift in Sources */ = {isa = PBXBuildFile; fileRef = 27DDE6E7296617AF004B9737 /* AppDelegate.swift */; };
		27DDE6EA296617AF004B9737 /* SceneDelegate.swift in Sources */ = {isa = PBXBuildFile; fileRef = 27DDE6E9296617AF004B9737 /* SceneDelegate.swift */; };
		27DDE6F2296617AF004B9737 /* DigimonAPI.xcdatamodeld in Sources */ = {isa = PBXBuildFile; fileRef = 27DDE6F0296617AF004B9737 /* DigimonAPI.xcdatamodeld */; };
		27DDE6F4296617B0004B9737 /* Assets.xcassets in Resources */ = {isa = PBXBuildFile; fileRef = 27DDE6F3296617B0004B9737 /* Assets.xcassets */; };
		27DDE6F7296617B0004B9737 /* LaunchScreen.storyboard in Resources */ = {isa = PBXBuildFile; fileRef = 27DDE6F5296617B0004B9737 /* LaunchScreen.storyboard */; };
		27DDE702296617B0004B9737 /* DigimonAPITests.swift in Sources */ = {isa = PBXBuildFile; fileRef = 27DDE701296617B0004B9737 /* DigimonAPITests.swift */; };
		27DDE70C296617B0004B9737 /* DigimonAPIUITests.swift in Sources */ = {isa = PBXBuildFile; fileRef = 27DDE70B296617B0004B9737 /* DigimonAPIUITests.swift */; };
		27DDE70E296617B0004B9737 /* DigimonAPIUITestsLaunchTests.swift in Sources */ = {isa = PBXBuildFile; fileRef = 27DDE70D296617B0004B9737 /* DigimonAPIUITestsLaunchTests.swift */; };
		27DDE71D2966192E004B9737 /* Create+NavigationController.swift in Sources */ = {isa = PBXBuildFile; fileRef = 27DDE71C2966192E004B9737 /* Create+NavigationController.swift */; };
		27DDE71F29661A01004B9737 /* Create.swift in Sources */ = {isa = PBXBuildFile; fileRef = 27DDE71E29661A01004B9737 /* Create.swift */; };
		27DDE72329661F44004B9737 /* IntroViewController.swift in Sources */ = {isa = PBXBuildFile; fileRef = 27DDE72229661F44004B9737 /* IntroViewController.swift */; };
		27DDE72629661F61004B9737 /* Network.swift in Sources */ = {isa = PBXBuildFile; fileRef = 27DDE72529661F61004B9737 /* Network.swift */; };
		27DDE72829661F73004B9737 /* IntroViewModel.swift in Sources */ = {isa = PBXBuildFile; fileRef = 27DDE72729661F73004B9737 /* IntroViewModel.swift */; };
		27DDE72A29661F7D004B9737 /* IntroModel.swift in Sources */ = {isa = PBXBuildFile; fileRef = 27DDE72929661F7D004B9737 /* IntroModel.swift */; };
		27DDE72C2966230D004B9737 /* IntroViewCustomCell.swift in Sources */ = {isa = PBXBuildFile; fileRef = 27DDE72B2966230D004B9737 /* IntroViewCustomCell.swift */; };
/* End PBXBuildFile section */

/* Begin PBXContainerItemProxy section */
		27DDE6FE296617B0004B9737 /* PBXContainerItemProxy */ = {
			isa = PBXContainerItemProxy;
			containerPortal = 27DDE6DC296617AF004B9737 /* Project object */;
			proxyType = 1;
			remoteGlobalIDString = 27DDE6E3296617AF004B9737;
			remoteInfo = DigimonAPI;
		};
		27DDE708296617B0004B9737 /* PBXContainerItemProxy */ = {
			isa = PBXContainerItemProxy;
			containerPortal = 27DDE6DC296617AF004B9737 /* Project object */;
			proxyType = 1;
			remoteGlobalIDString = 27DDE6E3296617AF004B9737;
			remoteInfo = DigimonAPI;
		};
/* End PBXContainerItemProxy section */

/* Begin PBXFileReference section */
		27C47CC729670C3F003B8D7D /* IntroTableView.swift */ = {isa = PBXFileReference; lastKnownFileType = sourcecode.swift; path = IntroTableView.swift; sourceTree = "<group>"; };
		27DDE6E4296617AF004B9737 /* DigimonAPI.app */ = {isa = PBXFileReference; explicitFileType = wrapper.application; includeInIndex = 0; path = DigimonAPI.app; sourceTree = BUILT_PRODUCTS_DIR; };
		27DDE6E7296617AF004B9737 /* AppDelegate.swift */ = {isa = PBXFileReference; lastKnownFileType = sourcecode.swift; path = AppDelegate.swift; sourceTree = "<group>"; };
		27DDE6E9296617AF004B9737 /* SceneDelegate.swift */ = {isa = PBXFileReference; lastKnownFileType = sourcecode.swift; path = SceneDelegate.swift; sourceTree = "<group>"; };
		27DDE6F1296617AF004B9737 /* DigimonAPI.xcdatamodel */ = {isa = PBXFileReference; lastKnownFileType = wrapper.xcdatamodel; path = DigimonAPI.xcdatamodel; sourceTree = "<group>"; };
		27DDE6F3296617B0004B9737 /* Assets.xcassets */ = {isa = PBXFileReference; lastKnownFileType = folder.assetcatalog; path = Assets.xcassets; sourceTree = "<group>"; };
		27DDE6F6296617B0004B9737 /* Base */ = {isa = PBXFileReference; lastKnownFileType = file.storyboard; name = Base; path = Base.lproj/LaunchScreen.storyboard; sourceTree = "<group>"; };
		27DDE6F8296617B0004B9737 /* Info.plist */ = {isa = PBXFileReference; lastKnownFileType = text.plist.xml; path = Info.plist; sourceTree = "<group>"; };
		27DDE6FD296617B0004B9737 /* DigimonAPITests.xctest */ = {isa = PBXFileReference; explicitFileType = wrapper.cfbundle; includeInIndex = 0; path = DigimonAPITests.xctest; sourceTree = BUILT_PRODUCTS_DIR; };
		27DDE701296617B0004B9737 /* DigimonAPITests.swift */ = {isa = PBXFileReference; lastKnownFileType = sourcecode.swift; path = DigimonAPITests.swift; sourceTree = "<group>"; };
		27DDE707296617B0004B9737 /* DigimonAPIUITests.xctest */ = {isa = PBXFileReference; explicitFileType = wrapper.cfbundle; includeInIndex = 0; path = DigimonAPIUITests.xctest; sourceTree = BUILT_PRODUCTS_DIR; };
		27DDE70B296617B0004B9737 /* DigimonAPIUITests.swift */ = {isa = PBXFileReference; lastKnownFileType = sourcecode.swift; path = DigimonAPIUITests.swift; sourceTree = "<group>"; };
		27DDE70D296617B0004B9737 /* DigimonAPIUITestsLaunchTests.swift */ = {isa = PBXFileReference; lastKnownFileType = sourcecode.swift; path = DigimonAPIUITestsLaunchTests.swift; sourceTree = "<group>"; };
		27DDE71C2966192E004B9737 /* Create+NavigationController.swift */ = {isa = PBXFileReference; lastKnownFileType = sourcecode.swift; path = "Create+NavigationController.swift"; sourceTree = "<group>"; };
		27DDE71E29661A01004B9737 /* Create.swift */ = {isa = PBXFileReference; lastKnownFileType = sourcecode.swift; path = Create.swift; sourceTree = "<group>"; };
		27DDE72229661F44004B9737 /* IntroViewController.swift */ = {isa = PBXFileReference; lastKnownFileType = sourcecode.swift; path = IntroViewController.swift; sourceTree = "<group>"; };
		27DDE72529661F61004B9737 /* Network.swift */ = {isa = PBXFileReference; lastKnownFileType = sourcecode.swift; path = Network.swift; sourceTree = "<group>"; };
		27DDE72729661F73004B9737 /* IntroViewModel.swift */ = {isa = PBXFileReference; lastKnownFileType = sourcecode.swift; path = IntroViewModel.swift; sourceTree = "<group>"; };
		27DDE72929661F7D004B9737 /* IntroModel.swift */ = {isa = PBXFileReference; lastKnownFileType = sourcecode.swift; path = IntroModel.swift; sourceTree = "<group>"; };
		27DDE72B2966230D004B9737 /* IntroViewCustomCell.swift */ = {isa = PBXFileReference; lastKnownFileType = sourcecode.swift; path = IntroViewCustomCell.swift; sourceTree = "<group>"; };
/* End PBXFileReference section */

/* Begin PBXFrameworksBuildPhase section */
		27DDE6E1296617AF004B9737 /* Frameworks */ = {
			isa = PBXFrameworksBuildPhase;
			buildActionMask = 2147483647;
			files = (
			);
			runOnlyForDeploymentPostprocessing = 0;
		};
		27DDE6FA296617B0004B9737 /* Frameworks */ = {
			isa = PBXFrameworksBuildPhase;
			buildActionMask = 2147483647;
			files = (
			);
			runOnlyForDeploymentPostprocessing = 0;
		};
		27DDE704296617B0004B9737 /* Frameworks */ = {
			isa = PBXFrameworksBuildPhase;
			buildActionMask = 2147483647;
			files = (
			);
			runOnlyForDeploymentPostprocessing = 0;
		};
/* End PBXFrameworksBuildPhase section */

/* Begin PBXGroup section */
		27DDE6DB296617AF004B9737 = {
			isa = PBXGroup;
			children = (
				27DDE6E6296617AF004B9737 /* DigimonAPI */,
				27DDE700296617B0004B9737 /* DigimonAPITests */,
				27DDE70A296617B0004B9737 /* DigimonAPIUITests */,
				27DDE6E5296617AF004B9737 /* Products */,
			);
			sourceTree = "<group>";
		};
		27DDE6E5296617AF004B9737 /* Products */ = {
			isa = PBXGroup;
			children = (
				27DDE6E4296617AF004B9737 /* DigimonAPI.app */,
				27DDE6FD296617B0004B9737 /* DigimonAPITests.xctest */,
				27DDE707296617B0004B9737 /* DigimonAPIUITests.xctest */,
			);
			name = Products;
			sourceTree = "<group>";
		};
		27DDE6E6296617AF004B9737 /* DigimonAPI */ = {
			isa = PBXGroup;
			children = (
				27DDE72429661F4B004B9737 /* Network */,
				27DDE72029661EC7004B9737 /* Features */,
				27DDE71A29661906004B9737 /* Utils */,
				27DDE6E7296617AF004B9737 /* AppDelegate.swift */,
				27DDE6E9296617AF004B9737 /* SceneDelegate.swift */,
				27DDE6F3296617B0004B9737 /* Assets.xcassets */,
				27DDE6F5296617B0004B9737 /* LaunchScreen.storyboard */,
				27DDE6F8296617B0004B9737 /* Info.plist */,
				27DDE6F0296617AF004B9737 /* DigimonAPI.xcdatamodeld */,
			);
			path = DigimonAPI;
			sourceTree = "<group>";
		};
		27DDE700296617B0004B9737 /* DigimonAPITests */ = {
			isa = PBXGroup;
			children = (
				27DDE701296617B0004B9737 /* DigimonAPITests.swift */,
			);
			path = DigimonAPITests;
			sourceTree = "<group>";
		};
		27DDE70A296617B0004B9737 /* DigimonAPIUITests */ = {
			isa = PBXGroup;
			children = (
				27DDE70B296617B0004B9737 /* DigimonAPIUITests.swift */,
				27DDE70D296617B0004B9737 /* DigimonAPIUITestsLaunchTests.swift */,
			);
			path = DigimonAPIUITests;
			sourceTree = "<group>";
		};
		27DDE71A29661906004B9737 /* Utils */ = {
			isa = PBXGroup;
			children = (
				27DDE71B29661919004B9737 /* Create */,
			);
			path = Utils;
			sourceTree = "<group>";
		};
		27DDE71B29661919004B9737 /* Create */ = {
			isa = PBXGroup;
			children = (
				27DDE71C2966192E004B9737 /* Create+NavigationController.swift */,
				27DDE71E29661A01004B9737 /* Create.swift */,
			);
			path = Create;
			sourceTree = "<group>";
		};
		27DDE72029661EC7004B9737 /* Features */ = {
			isa = PBXGroup;
			children = (
				27DDE72129661EE2004B9737 /* Intro */,
			);
			path = Features;
			sourceTree = "<group>";
		};
		27DDE72129661EE2004B9737 /* Intro */ = {
			isa = PBXGroup;
			children = (
				27DDE72229661F44004B9737 /* IntroViewController.swift */,
				27DDE72729661F73004B9737 /* IntroViewModel.swift */,
				27DDE72929661F7D004B9737 /* IntroModel.swift */,
				27DDE72B2966230D004B9737 /* IntroViewCustomCell.swift */,
				27C47CC729670C3F003B8D7D /* IntroTableView.swift */,
			);
			path = Intro;
			sourceTree = "<group>";
		};
		27DDE72429661F4B004B9737 /* Network */ = {
			isa = PBXGroup;
			children = (
				27DDE72529661F61004B9737 /* Network.swift */,
			);
			path = Network;
			sourceTree = "<group>";
		};
/* End PBXGroup section */

/* Begin PBXNativeTarget section */
		27DDE6E3296617AF004B9737 /* DigimonAPI */ = {
			isa = PBXNativeTarget;
			buildConfigurationList = 27DDE711296617B0004B9737 /* Build configuration list for PBXNativeTarget "DigimonAPI" */;
			buildPhases = (
				27DDE6E0296617AF004B9737 /* Sources */,
				27DDE6E1296617AF004B9737 /* Frameworks */,
				27DDE6E2296617AF004B9737 /* Resources */,
			);
			buildRules = (
			);
			dependencies = (
			);
			name = DigimonAPI;
			packageProductDependencies = (
			);
			productName = DigimonAPI;
			productReference = 27DDE6E4296617AF004B9737 /* DigimonAPI.app */;
			productType = "com.apple.product-type.application";
		};
		27DDE6FC296617B0004B9737 /* DigimonAPITests */ = {
			isa = PBXNativeTarget;
			buildConfigurationList = 27DDE714296617B0004B9737 /* Build configuration list for PBXNativeTarget "DigimonAPITests" */;
			buildPhases = (
				27DDE6F9296617B0004B9737 /* Sources */,
				27DDE6FA296617B0004B9737 /* Frameworks */,
				27DDE6FB296617B0004B9737 /* Resources */,
			);
			buildRules = (
			);
			dependencies = (
				27DDE6FF296617B0004B9737 /* PBXTargetDependency */,
			);
			name = DigimonAPITests;
			productName = DigimonAPITests;
			productReference = 27DDE6FD296617B0004B9737 /* DigimonAPITests.xctest */;
			productType = "com.apple.product-type.bundle.unit-test";
		};
		27DDE706296617B0004B9737 /* DigimonAPIUITests */ = {
			isa = PBXNativeTarget;
			buildConfigurationList = 27DDE717296617B0004B9737 /* Build configuration list for PBXNativeTarget "DigimonAPIUITests" */;
			buildPhases = (
				27DDE703296617B0004B9737 /* Sources */,
				27DDE704296617B0004B9737 /* Frameworks */,
				27DDE705296617B0004B9737 /* Resources */,
			);
			buildRules = (
			);
			dependencies = (
				27DDE709296617B0004B9737 /* PBXTargetDependency */,
			);
			name = DigimonAPIUITests;
			productName = DigimonAPIUITests;
			productReference = 27DDE707296617B0004B9737 /* DigimonAPIUITests.xctest */;
			productType = "com.apple.product-type.bundle.ui-testing";
		};
/* End PBXNativeTarget section */

/* Begin PBXProject section */
		27DDE6DC296617AF004B9737 /* Project object */ = {
			isa = PBXProject;
			attributes = {
				BuildIndependentTargetsInParallel = 1;
				LastSwiftUpdateCheck = 1420;
				LastUpgradeCheck = 1420;
				TargetAttributes = {
					27DDE6E3296617AF004B9737 = {
						CreatedOnToolsVersion = 14.2;
					};
					27DDE6FC296617B0004B9737 = {
						CreatedOnToolsVersion = 14.2;
						TestTargetID = 27DDE6E3296617AF004B9737;
					};
					27DDE706296617B0004B9737 = {
						CreatedOnToolsVersion = 14.2;
						TestTargetID = 27DDE6E3296617AF004B9737;
					};
				};
			};
			buildConfigurationList = 27DDE6DF296617AF004B9737 /* Build configuration list for PBXProject "DigimonAPI" */;
			compatibilityVersion = "Xcode 14.0";
			developmentRegion = en;
			hasScannedForEncodings = 0;
			knownRegions = (
				en,
				Base,
			);
			mainGroup = 27DDE6DB296617AF004B9737;
			packageReferences = (
			);
			productRefGroup = 27DDE6E5296617AF004B9737 /* Products */;
			projectDirPath = "";
			projectRoot = "";
			targets = (
				27DDE6E3296617AF004B9737 /* DigimonAPI */,
				27DDE6FC296617B0004B9737 /* DigimonAPITests */,
				27DDE706296617B0004B9737 /* DigimonAPIUITests */,
			);
		};
/* End PBXProject section */

/* Begin PBXResourcesBuildPhase section */
		27DDE6E2296617AF004B9737 /* Resources */ = {
			isa = PBXResourcesBuildPhase;
			buildActionMask = 2147483647;
			files = (
				27DDE6F7296617B0004B9737 /* LaunchScreen.storyboard in Resources */,
				27DDE6F4296617B0004B9737 /* Assets.xcassets in Resources */,
			);
			runOnlyForDeploymentPostprocessing = 0;
		};
		27DDE6FB296617B0004B9737 /* Resources */ = {
			isa = PBXResourcesBuildPhase;
			buildActionMask = 2147483647;
			files = (
			);
			runOnlyForDeploymentPostprocessing = 0;
		};
		27DDE705296617B0004B9737 /* Resources */ = {
			isa = PBXResourcesBuildPhase;
			buildActionMask = 2147483647;
			files = (
			);
			runOnlyForDeploymentPostprocessing = 0;
		};
/* End PBXResourcesBuildPhase section */

/* Begin PBXSourcesBuildPhase section */
		27DDE6E0296617AF004B9737 /* Sources */ = {
			isa = PBXSourcesBuildPhase;
			buildActionMask = 2147483647;
			files = (
				27DDE6F2296617AF004B9737 /* DigimonAPI.xcdatamodeld in Sources */,
				27DDE71D2966192E004B9737 /* Create+NavigationController.swift in Sources */,
				27DDE6E8296617AF004B9737 /* AppDelegate.swift in Sources */,
				27DDE6EA296617AF004B9737 /* SceneDelegate.swift in Sources */,
				27DDE71F29661A01004B9737 /* Create.swift in Sources */,
				27C47CC829670C3F003B8D7D /* IntroTableView.swift in Sources */,
				27DDE72629661F61004B9737 /* Network.swift in Sources */,
				27DDE72C2966230D004B9737 /* IntroViewCustomCell.swift in Sources */,
				27DDE72329661F44004B9737 /* IntroViewController.swift in Sources */,
				27DDE72A29661F7D004B9737 /* IntroModel.swift in Sources */,
				27DDE72829661F73004B9737 /* IntroViewModel.swift in Sources */,
			);
			runOnlyForDeploymentPostprocessing = 0;
		};
		27DDE6F9296617B0004B9737 /* Sources */ = {
			isa = PBXSourcesBuildPhase;
			buildActionMask = 2147483647;
			files = (
				27DDE702296617B0004B9737 /* DigimonAPITests.swift in Sources */,
			);
			runOnlyForDeploymentPostprocessing = 0;
		};
		27DDE703296617B0004B9737 /* Sources */ = {
			isa = PBXSourcesBuildPhase;
			buildActionMask = 2147483647;
			files = (
				27DDE70C296617B0004B9737 /* DigimonAPIUITests.swift in Sources */,
				27DDE70E296617B0004B9737 /* DigimonAPIUITestsLaunchTests.swift in Sources */,
			);
			runOnlyForDeploymentPostprocessing = 0;
		};
/* End PBXSourcesBuildPhase section */

/* Begin PBXTargetDependency section */
		27DDE6FF296617B0004B9737 /* PBXTargetDependency */ = {
			isa = PBXTargetDependency;
			target = 27DDE6E3296617AF004B9737 /* DigimonAPI */;
			targetProxy = 27DDE6FE296617B0004B9737 /* PBXContainerItemProxy */;
		};
		27DDE709296617B0004B9737 /* PBXTargetDependency */ = {
			isa = PBXTargetDependency;
			target = 27DDE6E3296617AF004B9737 /* DigimonAPI */;
			targetProxy = 27DDE708296617B0004B9737 /* PBXContainerItemProxy */;
		};
/* End PBXTargetDependency section */

/* Begin PBXVariantGroup section */
		27DDE6F5296617B0004B9737 /* LaunchScreen.storyboard */ = {
			isa = PBXVariantGroup;
			children = (
				27DDE6F6296617B0004B9737 /* Base */,
			);
			name = LaunchScreen.storyboard;
			sourceTree = "<group>";
		};
/* End PBXVariantGroup section */

/* Begin XCBuildConfiguration section */
		27DDE70F296617B0004B9737 /* Debug */ = {
			isa = XCBuildConfiguration;
			buildSettings = {
				ALWAYS_SEARCH_USER_PATHS = NO;
				CLANG_ANALYZER_NONNULL = YES;
				CLANG_ANALYZER_NUMBER_OBJECT_CONVERSION = YES_AGGRESSIVE;
				CLANG_CXX_LANGUAGE_STANDARD = "gnu++20";
				CLANG_ENABLE_MODULES = YES;
				CLANG_ENABLE_OBJC_ARC = YES;
				CLANG_ENABLE_OBJC_WEAK = YES;
				CLANG_WARN_BLOCK_CAPTURE_AUTORELEASING = YES;
				CLANG_WARN_BOOL_CONVERSION = YES;
				CLANG_WARN_COMMA = YES;
				CLANG_WARN_CONSTANT_CONVERSION = YES;
				CLANG_WARN_DEPRECATED_OBJC_IMPLEMENTATIONS = YES;
				CLANG_WARN_DIRECT_OBJC_ISA_USAGE = YES_ERROR;
				CLANG_WARN_DOCUMENTATION_COMMENTS = YES;
				CLANG_WARN_EMPTY_BODY = YES;
				CLANG_WARN_ENUM_CONVERSION = YES;
				CLANG_WARN_INFINITE_RECURSION = YES;
				CLANG_WARN_INT_CONVERSION = YES;
				CLANG_WARN_NON_LITERAL_NULL_CONVERSION = YES;
				CLANG_WARN_OBJC_IMPLICIT_RETAIN_SELF = YES;
				CLANG_WARN_OBJC_LITERAL_CONVERSION = YES;
				CLANG_WARN_OBJC_ROOT_CLASS = YES_ERROR;
				CLANG_WARN_QUOTED_INCLUDE_IN_FRAMEWORK_HEADER = YES;
				CLANG_WARN_RANGE_LOOP_ANALYSIS = YES;
				CLANG_WARN_STRICT_PROTOTYPES = YES;
				CLANG_WARN_SUSPICIOUS_MOVE = YES;
				CLANG_WARN_UNGUARDED_AVAILABILITY = YES_AGGRESSIVE;
				CLANG_WARN_UNREACHABLE_CODE = YES;
				CLANG_WARN__DUPLICATE_METHOD_MATCH = YES;
				COPY_PHASE_STRIP = NO;
				DEBUG_INFORMATION_FORMAT = dwarf;
				ENABLE_STRICT_OBJC_MSGSEND = YES;
				ENABLE_TESTABILITY = YES;
				GCC_C_LANGUAGE_STANDARD = gnu11;
				GCC_DYNAMIC_NO_PIC = NO;
				GCC_NO_COMMON_BLOCKS = YES;
				GCC_OPTIMIZATION_LEVEL = 0;
				GCC_PREPROCESSOR_DEFINITIONS = (
					"DEBUG=1",
					"$(inherited)",
				);
				GCC_WARN_64_TO_32_BIT_CONVERSION = YES;
				GCC_WARN_ABOUT_RETURN_TYPE = YES_ERROR;
				GCC_WARN_UNDECLARED_SELECTOR = YES;
				GCC_WARN_UNINITIALIZED_AUTOS = YES_AGGRESSIVE;
				GCC_WARN_UNUSED_FUNCTION = YES;
				GCC_WARN_UNUSED_VARIABLE = YES;
				IPHONEOS_DEPLOYMENT_TARGET = 16.2;
				MTL_ENABLE_DEBUG_INFO = INCLUDE_SOURCE;
				MTL_FAST_MATH = YES;
				ONLY_ACTIVE_ARCH = YES;
				SDKROOT = iphoneos;
				SWIFT_ACTIVE_COMPILATION_CONDITIONS = DEBUG;
				SWIFT_OPTIMIZATION_LEVEL = "-Onone";
			};
			name = Debug;
		};
		27DDE710296617B0004B9737 /* Release */ = {
			isa = XCBuildConfiguration;
			buildSettings = {
				ALWAYS_SEARCH_USER_PATHS = NO;
				CLANG_ANALYZER_NONNULL = YES;
				CLANG_ANALYZER_NUMBER_OBJECT_CONVERSION = YES_AGGRESSIVE;
				CLANG_CXX_LANGUAGE_STANDARD = "gnu++20";
				CLANG_ENABLE_MODULES = YES;
				CLANG_ENABLE_OBJC_ARC = YES;
				CLANG_ENABLE_OBJC_WEAK = YES;
				CLANG_WARN_BLOCK_CAPTURE_AUTORELEASING = YES;
				CLANG_WARN_BOOL_CONVERSION = YES;
				CLANG_WARN_COMMA = YES;
				CLANG_WARN_CONSTANT_CONVERSION = YES;
				CLANG_WARN_DEPRECATED_OBJC_IMPLEMENTATIONS = YES;
				CLANG_WARN_DIRECT_OBJC_ISA_USAGE = YES_ERROR;
				CLANG_WARN_DOCUMENTATION_COMMENTS = YES;
				CLANG_WARN_EMPTY_BODY = YES;
				CLANG_WARN_ENUM_CONVERSION = YES;
				CLANG_WARN_INFINITE_RECURSION = YES;
				CLANG_WARN_INT_CONVERSION = YES;
				CLANG_WARN_NON_LITERAL_NULL_CONVERSION = YES;
				CLANG_WARN_OBJC_IMPLICIT_RETAIN_SELF = YES;
				CLANG_WARN_OBJC_LITERAL_CONVERSION = YES;
				CLANG_WARN_OBJC_ROOT_CLASS = YES_ERROR;
				CLANG_WARN_QUOTED_INCLUDE_IN_FRAMEWORK_HEADER = YES;
				CLANG_WARN_RANGE_LOOP_ANALYSIS = YES;
				CLANG_WARN_STRICT_PROTOTYPES = YES;
				CLANG_WARN_SUSPICIOUS_MOVE = YES;
				CLANG_WARN_UNGUARDED_AVAILABILITY = YES_AGGRESSIVE;
				CLANG_WARN_UNREACHABLE_CODE = YES;
				CLANG_WARN__DUPLICATE_METHOD_MATCH = YES;
				COPY_PHASE_STRIP = NO;
				DEBUG_INFORMATION_FORMAT = "dwarf-with-dsym";
				ENABLE_NS_ASSERTIONS = NO;
				ENABLE_STRICT_OBJC_MSGSEND = YES;
				GCC_C_LANGUAGE_STANDARD = gnu11;
				GCC_NO_COMMON_BLOCKS = YES;
				GCC_WARN_64_TO_32_BIT_CONVERSION = YES;
				GCC_WARN_ABOUT_RETURN_TYPE = YES_ERROR;
				GCC_WARN_UNDECLARED_SELECTOR = YES;
				GCC_WARN_UNINITIALIZED_AUTOS = YES_AGGRESSIVE;
				GCC_WARN_UNUSED_FUNCTION = YES;
				GCC_WARN_UNUSED_VARIABLE = YES;
				IPHONEOS_DEPLOYMENT_TARGET = 16.2;
				MTL_ENABLE_DEBUG_INFO = NO;
				MTL_FAST_MATH = YES;
				SDKROOT = iphoneos;
				SWIFT_COMPILATION_MODE = wholemodule;
				SWIFT_OPTIMIZATION_LEVEL = "-O";
				VALIDATE_PRODUCT = YES;
			};
			name = Release;
		};
		27DDE712296617B0004B9737 /* Debug */ = {
			isa = XCBuildConfiguration;
			buildSettings = {
				ASSETCATALOG_COMPILER_APPICON_NAME = AppIcon;
				ASSETCATALOG_COMPILER_GLOBAL_ACCENT_COLOR_NAME = AccentColor;
				CODE_SIGN_STYLE = Automatic;
				CURRENT_PROJECT_VERSION = 1;
				GENERATE_INFOPLIST_FILE = YES;
				INFOPLIST_FILE = DigimonAPI/Info.plist;
				INFOPLIST_KEY_UIApplicationSupportsIndirectInputEvents = YES;
				INFOPLIST_KEY_UILaunchStoryboardName = LaunchScreen;
				INFOPLIST_KEY_UISupportedInterfaceOrientations_iPad = "UIInterfaceOrientationPortrait UIInterfaceOrientationPortraitUpsideDown UIInterfaceOrientationLandscapeLeft UIInterfaceOrientationLandscapeRight";
				INFOPLIST_KEY_UISupportedInterfaceOrientations_iPhone = "UIInterfaceOrientationPortrait UIInterfaceOrientationLandscapeLeft UIInterfaceOrientationLandscapeRight";
				LD_RUNPATH_SEARCH_PATHS = (
					"$(inherited)",
					"@executable_path/Frameworks",
				);
				MARKETING_VERSION = 1.0;
				PRODUCT_BUNDLE_IDENTIFIER = villarDeveloper.DigimonAPI;
				PRODUCT_NAME = "$(TARGET_NAME)";
				SWIFT_EMIT_LOC_STRINGS = YES;
				SWIFT_VERSION = 5.0;
				TARGETED_DEVICE_FAMILY = "1,2";
			};
			name = Debug;
		};
		27DDE713296617B0004B9737 /* Release */ = {
			isa = XCBuildConfiguration;
			buildSettings = {
				ASSETCATALOG_COMPILER_APPICON_NAME = AppIcon;
				ASSETCATALOG_COMPILER_GLOBAL_ACCENT_COLOR_NAME = AccentColor;
				CODE_SIGN_STYLE = Automatic;
				CURRENT_PROJECT_VERSION = 1;
				GENERATE_INFOPLIST_FILE = YES;
				INFOPLIST_FILE = DigimonAPI/Info.plist;
				INFOPLIST_KEY_UIApplicationSupportsIndirectInputEvents = YES;
				INFOPLIST_KEY_UILaunchStoryboardName = LaunchScreen;
				INFOPLIST_KEY_UISupportedInterfaceOrientations_iPad = "UIInterfaceOrientationPortrait UIInterfaceOrientationPortraitUpsideDown UIInterfaceOrientationLandscapeLeft UIInterfaceOrientationLandscapeRight";
				INFOPLIST_KEY_UISupportedInterfaceOrientations_iPhone = "UIInterfaceOrientationPortrait UIInterfaceOrientationLandscapeLeft UIInterfaceOrientationLandscapeRight";
				LD_RUNPATH_SEARCH_PATHS = (
					"$(inherited)",
					"@executable_path/Frameworks",
				);
				MARKETING_VERSION = 1.0;
				PRODUCT_BUNDLE_IDENTIFIER = villarDeveloper.DigimonAPI;
				PRODUCT_NAME = "$(TARGET_NAME)";
				SWIFT_EMIT_LOC_STRINGS = YES;
				SWIFT_VERSION = 5.0;
				TARGETED_DEVICE_FAMILY = "1,2";
			};
			name = Release;
		};
		27DDE715296617B0004B9737 /* Debug */ = {
			isa = XCBuildConfiguration;
			buildSettings = {
				ALWAYS_EMBED_SWIFT_STANDARD_LIBRARIES = YES;
				BUNDLE_LOADER = "$(TEST_HOST)";
				CODE_SIGN_STYLE = Automatic;
				CURRENT_PROJECT_VERSION = 1;
				GENERATE_INFOPLIST_FILE = YES;
				IPHONEOS_DEPLOYMENT_TARGET = 16.2;
				MARKETING_VERSION = 1.0;
				PRODUCT_BUNDLE_IDENTIFIER = villarDeveloper.DigimonAPITests;
				PRODUCT_NAME = "$(TARGET_NAME)";
				SWIFT_EMIT_LOC_STRINGS = NO;
				SWIFT_VERSION = 5.0;
				TARGETED_DEVICE_FAMILY = "1,2";
				TEST_HOST = "$(BUILT_PRODUCTS_DIR)/DigimonAPI.app/$(BUNDLE_EXECUTABLE_FOLDER_PATH)/DigimonAPI";
			};
			name = Debug;
		};
		27DDE716296617B0004B9737 /* Release */ = {
			isa = XCBuildConfiguration;
			buildSettings = {
				ALWAYS_EMBED_SWIFT_STANDARD_LIBRARIES = YES;
				BUNDLE_LOADER = "$(TEST_HOST)";
				CODE_SIGN_STYLE = Automatic;
				CURRENT_PROJECT_VERSION = 1;
				GENERATE_INFOPLIST_FILE = YES;
				IPHONEOS_DEPLOYMENT_TARGET = 16.2;
				MARKETING_VERSION = 1.0;
				PRODUCT_BUNDLE_IDENTIFIER = villarDeveloper.DigimonAPITests;
				PRODUCT_NAME = "$(TARGET_NAME)";
				SWIFT_EMIT_LOC_STRINGS = NO;
				SWIFT_VERSION = 5.0;
				TARGETED_DEVICE_FAMILY = "1,2";
				TEST_HOST = "$(BUILT_PRODUCTS_DIR)/DigimonAPI.app/$(BUNDLE_EXECUTABLE_FOLDER_PATH)/DigimonAPI";
			};
			name = Release;
		};
		27DDE718296617B0004B9737 /* Debug */ = {
			isa = XCBuildConfiguration;
			buildSettings = {
				ALWAYS_EMBED_SWIFT_STANDARD_LIBRARIES = YES;
				CODE_SIGN_STYLE = Automatic;
				CURRENT_PROJECT_VERSION = 1;
				GENERATE_INFOPLIST_FILE = YES;
				MARKETING_VERSION = 1.0;
				PRODUCT_BUNDLE_IDENTIFIER = villarDeveloper.DigimonAPIUITests;
				PRODUCT_NAME = "$(TARGET_NAME)";
				SWIFT_EMIT_LOC_STRINGS = NO;
				SWIFT_VERSION = 5.0;
				TARGETED_DEVICE_FAMILY = "1,2";
				TEST_TARGET_NAME = DigimonAPI;
			};
			name = Debug;
		};
		27DDE719296617B0004B9737 /* Release */ = {
			isa = XCBuildConfiguration;
			buildSettings = {
				ALWAYS_EMBED_SWIFT_STANDARD_LIBRARIES = YES;
				CODE_SIGN_STYLE = Automatic;
				CURRENT_PROJECT_VERSION = 1;
				GENERATE_INFOPLIST_FILE = YES;
				MARKETING_VERSION = 1.0;
				PRODUCT_BUNDLE_IDENTIFIER = villarDeveloper.DigimonAPIUITests;
				PRODUCT_NAME = "$(TARGET_NAME)";
				SWIFT_EMIT_LOC_STRINGS = NO;
				SWIFT_VERSION = 5.0;
				TARGETED_DEVICE_FAMILY = "1,2";
				TEST_TARGET_NAME = DigimonAPI;
			};
			name = Release;
		};
/* End XCBuildConfiguration section */

/* Begin XCConfigurationList section */
		27DDE6DF296617AF004B9737 /* Build configuration list for PBXProject "DigimonAPI" */ = {
			isa = XCConfigurationList;
			buildConfigurations = (
				27DDE70F296617B0004B9737 /* Debug */,
				27DDE710296617B0004B9737 /* Release */,
			);
			defaultConfigurationIsVisible = 0;
			defaultConfigurationName = Release;
		};
		27DDE711296617B0004B9737 /* Build configuration list for PBXNativeTarget "DigimonAPI" */ = {
			isa = XCConfigurationList;
			buildConfigurations = (
				27DDE712296617B0004B9737 /* Debug */,
				27DDE713296617B0004B9737 /* Release */,
			);
			defaultConfigurationIsVisible = 0;
			defaultConfigurationName = Release;
		};
		27DDE714296617B0004B9737 /* Build configuration list for PBXNativeTarget "DigimonAPITests" */ = {
			isa = XCConfigurationList;
			buildConfigurations = (
				27DDE715296617B0004B9737 /* Debug */,
				27DDE716296617B0004B9737 /* Release */,
			);
			defaultConfigurationIsVisible = 0;
			defaultConfigurationName = Release;
		};
		27DDE717296617B0004B9737 /* Build configuration list for PBXNativeTarget "DigimonAPIUITests" */ = {
			isa = XCConfigurationList;
			buildConfigurations = (
				27DDE718296617B0004B9737 /* Debug */,
				27DDE719296617B0004B9737 /* Release */,
			);
			defaultConfigurationIsVisible = 0;
			defaultConfigurationName = Release;
		};
/* End XCConfigurationList section */

/* Begin XCVersionGroup section */
		27DDE6F0296617AF004B9737 /* DigimonAPI.xcdatamodeld */ = {
			isa = XCVersionGroup;
			children = (
				27DDE6F1296617AF004B9737 /* DigimonAPI.xcdatamodel */,
			);
			currentVersion = 27DDE6F1296617AF004B9737 /* DigimonAPI.xcdatamodel */;
			path = DigimonAPI.xcdatamodeld;
			sourceTree = "<group>";
			versionGroupType = wrapper.xcdatamodel;
		};
/* End XCVersionGroup section */
	};
	rootObject = 27DDE6DC296617AF004B9737 /* Project object */;
}
